// !$*UTF8*$!
{
	archiveVersion = 1;
	classes = {
	};
	objectVersion = 46;
	objects = {

/* Begin PBXBuildFile section */
		B730EEE91D6FAB6C001FBCD8 /* AppDelegate.swift in Sources */ = {isa = PBXBuildFile; fileRef = B730EEE81D6FAB6C001FBCD8 /* AppDelegate.swift */; };
		B730EEEB1D6FAB6C001FBCD8 /* ViewController.swift in Sources */ = {isa = PBXBuildFile; fileRef = B730EEEA1D6FAB6C001FBCD8 /* ViewController.swift */; };
		B730EEEE1D6FAB6C001FBCD8 /* Main.storyboard in Resources */ = {isa = PBXBuildFile; fileRef = B730EEEC1D6FAB6C001FBCD8 /* Main.storyboard */; };
		B730EEF01D6FAB6C001FBCD8 /* Assets.xcassets in Resources */ = {isa = PBXBuildFile; fileRef = B730EEEF1D6FAB6C001FBCD8 /* Assets.xcassets */; };
		B730EEF31D6FAB6C001FBCD8 /* LaunchScreen.storyboard in Resources */ = {isa = PBXBuildFile; fileRef = B730EEF11D6FAB6C001FBCD8 /* LaunchScreen.storyboard */; };
		B730EEFE1D6FAB6C001FBCD8 /* ejercicio_url_schemeTests.swift in Sources */ = {isa = PBXBuildFile; fileRef = B730EEFD1D6FAB6C001FBCD8 /* ejercicio_url_schemeTests.swift */; };
		B730EF091D6FAB6C001FBCD8 /* ejercicio_url_schemeUITests.swift in Sources */ = {isa = PBXBuildFile; fileRef = B730EF081D6FAB6C001FBCD8 /* ejercicio_url_schemeUITests.swift */; };
		B730EF171D6FAF4E001FBCD8 /* web in Resources */ = {isa = PBXBuildFile; fileRef = B730EF161D6FAF4E001FBCD8 /* web */; };
/* End PBXBuildFile section */

/* Begin PBXContainerItemProxy section */
		B730EEFA1D6FAB6C001FBCD8 /* PBXContainerItemProxy */ = {
			isa = PBXContainerItemProxy;
			containerPortal = B730EEDD1D6FAB6C001FBCD8 /* Project object */;
			proxyType = 1;
			remoteGlobalIDString = B730EEE41D6FAB6C001FBCD8;
			remoteInfo = "ejercicio-url-scheme";
		};
		B730EF051D6FAB6C001FBCD8 /* PBXContainerItemProxy */ = {
			isa = PBXContainerItemProxy;
			containerPortal = B730EEDD1D6FAB6C001FBCD8 /* Project object */;
			proxyType = 1;
			remoteGlobalIDString = B730EEE41D6FAB6C001FBCD8;
			remoteInfo = "ejercicio-url-scheme";
		};
/* End PBXContainerItemProxy section */

/* Begin PBXFileReference section */
		B730EEE51D6FAB6C001FBCD8 /* ejercicio-url-scheme.app */ = {isa = PBXFileReference; explicitFileType = wrapper.application; includeInIndex = 0; path = "ejercicio-url-scheme.app"; sourceTree = BUILT_PRODUCTS_DIR; };
		B730EEE81D6FAB6C001FBCD8 /* AppDelegate.swift */ = {isa = PBXFileReference; lastKnownFileType = sourcecode.swift; path = AppDelegate.swift; sourceTree = "<group>"; };
		B730EEEA1D6FAB6C001FBCD8 /* ViewController.swift */ = {isa = PBXFileReference; lastKnownFileType = sourcecode.swift; path = ViewController.swift; sourceTree = "<group>"; };
		B730EEED1D6FAB6C001FBCD8 /* Base */ = {isa = PBXFileReference; lastKnownFileType = file.storyboard; name = Base; path = Base.lproj/Main.storyboard; sourceTree = "<group>"; };
		B730EEEF1D6FAB6C001FBCD8 /* Assets.xcassets */ = {isa = PBXFileReference; lastKnownFileType = folder.assetcatalog; path = Assets.xcassets; sourceTree = "<group>"; };
		B730EEF21D6FAB6C001FBCD8 /* Base */ = {isa = PBXFileReference; lastKnownFileType = file.storyboard; name = Base; path = Base.lproj/LaunchScreen.storyboard; sourceTree = "<group>"; };
		B730EEF41D6FAB6C001FBCD8 /* Info.plist */ = {isa = PBXFileReference; lastKnownFileType = text.plist.xml; path = Info.plist; sourceTree = "<group>"; };
		B730EEF91D6FAB6C001FBCD8 /* ejercicio-url-schemeTests.xctest */ = {isa = PBXFileReference; explicitFileType = wrapper.cfbundle; includeInIndex = 0; path = "ejercicio-url-schemeTests.xctest"; sourceTree = BUILT_PRODUCTS_DIR; };
		B730EEFD1D6FAB6C001FBCD8 /* ejercicio_url_schemeTests.swift */ = {isa = PBXFileReference; lastKnownFileType = sourcecode.swift; path = ejercicio_url_schemeTests.swift; sourceTree = "<group>"; };
		B730EEFF1D6FAB6C001FBCD8 /* Info.plist */ = {isa = PBXFileReference; lastKnownFileType = text.plist.xml; path = Info.plist; sourceTree = "<group>"; };
		B730EF041D6FAB6C001FBCD8 /* ejercicio-url-schemeUITests.xctest */ = {isa = PBXFileReference; explicitFileType = wrapper.cfbundle; includeInIndex = 0; path = "ejercicio-url-schemeUITests.xctest"; sourceTree = BUILT_PRODUCTS_DIR; };
		B730EF081D6FAB6C001FBCD8 /* ejercicio_url_schemeUITests.swift */ = {isa = PBXFileReference; lastKnownFileType = sourcecode.swift; path = ejercicio_url_schemeUITests.swift; sourceTree = "<group>"; };
		B730EF0A1D6FAB6C001FBCD8 /* Info.plist */ = {isa = PBXFileReference; lastKnownFileType = text.plist.xml; path = Info.plist; sourceTree = "<group>"; };
		B730EF161D6FAF4E001FBCD8 /* web */ = {isa = PBXFileReference; lastKnownFileType = folder; path = web; sourceTree = "<group>"; };
/* End PBXFileReference section */

/* Begin PBXFrameworksBuildPhase section */
		B730EEE21D6FAB6C001FBCD8 /* Frameworks */ = {
			isa = PBXFrameworksBuildPhase;
			buildActionMask = 2147483647;
			files = (
			);
			runOnlyForDeploymentPostprocessing = 0;
		};
		B730EEF61D6FAB6C001FBCD8 /* Frameworks */ = {
			isa = PBXFrameworksBuildPhase;
			buildActionMask = 2147483647;
			files = (
			);
			runOnlyForDeploymentPostprocessing = 0;
		};
		B730EF011D6FAB6C001FBCD8 /* Frameworks */ = {
			isa = PBXFrameworksBuildPhase;
			buildActionMask = 2147483647;
			files = (
			);
			runOnlyForDeploymentPostprocessing = 0;
		};
/* End PBXFrameworksBuildPhase section */

/* Begin PBXGroup section */
		B730EEDC1D6FAB6C001FBCD8 = {
			isa = PBXGroup;
			children = (
				B730EEE71D6FAB6C001FBCD8 /* ejercicio-url-scheme */,
				B730EEFC1D6FAB6C001FBCD8 /* ejercicio-url-schemeTests */,
				B730EF071D6FAB6C001FBCD8 /* ejercicio-url-schemeUITests */,
				B730EEE61D6FAB6C001FBCD8 /* Products */,
			);
			sourceTree = "<group>";
		};
		B730EEE61D6FAB6C001FBCD8 /* Products */ = {
			isa = PBXGroup;
			children = (
				B730EEE51D6FAB6C001FBCD8 /* ejercicio-url-scheme.app */,
				B730EEF91D6FAB6C001FBCD8 /* ejercicio-url-schemeTests.xctest */,
				B730EF041D6FAB6C001FBCD8 /* ejercicio-url-schemeUITests.xctest */,
			);
			name = Products;
			sourceTree = "<group>";
		};
		B730EEE71D6FAB6C001FBCD8 /* ejercicio-url-scheme */ = {
			isa = PBXGroup;
			children = (
				B730EF161D6FAF4E001FBCD8 /* web */,
				B730EEE81D6FAB6C001FBCD8 /* AppDelegate.swift */,
				B730EEEA1D6FAB6C001FBCD8 /* ViewController.swift */,
				B730EEEC1D6FAB6C001FBCD8 /* Main.storyboard */,
				B730EEEF1D6FAB6C001FBCD8 /* Assets.xcassets */,
				B730EEF11D6FAB6C001FBCD8 /* LaunchScreen.storyboard */,
				B730EEF41D6FAB6C001FBCD8 /* Info.plist */,
			);
			path = "ejercicio-url-scheme";
			sourceTree = "<group>";
		};
		B730EEFC1D6FAB6C001FBCD8 /* ejercicio-url-schemeTests */ = {
			isa = PBXGroup;
			children = (
				B730EEFD1D6FAB6C001FBCD8 /* ejercicio_url_schemeTests.swift */,
				B730EEFF1D6FAB6C001FBCD8 /* Info.plist */,
			);
			path = "ejercicio-url-schemeTests";
			sourceTree = "<group>";
		};
		B730EF071D6FAB6C001FBCD8 /* ejercicio-url-schemeUITests */ = {
			isa = PBXGroup;
			children = (
				B730EF081D6FAB6C001FBCD8 /* ejercicio_url_schemeUITests.swift */,
				B730EF0A1D6FAB6C001FBCD8 /* Info.plist */,
			);
			path = "ejercicio-url-schemeUITests";
			sourceTree = "<group>";
		};
/* End PBXGroup section */

/* Begin PBXNativeTarget section */
		B730EEE41D6FAB6C001FBCD8 /* ejercicio-url-scheme */ = {
			isa = PBXNativeTarget;
			buildConfigurationList = B730EF0D1D6FAB6C001FBCD8 /* Build configuration list for PBXNativeTarget "ejercicio-url-scheme" */;
			buildPhases = (
				B730EEE11D6FAB6C001FBCD8 /* Sources */,
				B730EEE21D6FAB6C001FBCD8 /* Frameworks */,
				B730EEE31D6FAB6C001FBCD8 /* Resources */,
			);
			buildRules = (
			);
			dependencies = (
			);
			name = "ejercicio-url-scheme";
			productName = "ejercicio-url-scheme";
			productReference = B730EEE51D6FAB6C001FBCD8 /* ejercicio-url-scheme.app */;
			productType = "com.apple.product-type.application";
		};
		B730EEF81D6FAB6C001FBCD8 /* ejercicio-url-schemeTests */ = {
			isa = PBXNativeTarget;
			buildConfigurationList = B730EF101D6FAB6C001FBCD8 /* Build configuration list for PBXNativeTarget "ejercicio-url-schemeTests" */;
			buildPhases = (
				B730EEF51D6FAB6C001FBCD8 /* Sources */,
				B730EEF61D6FAB6C001FBCD8 /* Frameworks */,
				B730EEF71D6FAB6C001FBCD8 /* Resources */,
			);
			buildRules = (
			);
			dependencies = (
				B730EEFB1D6FAB6C001FBCD8 /* PBXTargetDependency */,
			);
			name = "ejercicio-url-schemeTests";
			productName = "ejercicio-url-schemeTests";
			productReference = B730EEF91D6FAB6C001FBCD8 /* ejercicio-url-schemeTests.xctest */;
			productType = "com.apple.product-type.bundle.unit-test";
		};
		B730EF031D6FAB6C001FBCD8 /* ejercicio-url-schemeUITests */ = {
			isa = PBXNativeTarget;
			buildConfigurationList = B730EF131D6FAB6C001FBCD8 /* Build configuration list for PBXNativeTarget "ejercicio-url-schemeUITests" */;
			buildPhases = (
				B730EF001D6FAB6C001FBCD8 /* Sources */,
				B730EF011D6FAB6C001FBCD8 /* Frameworks */,
				B730EF021D6FAB6C001FBCD8 /* Resources */,
			);
			buildRules = (
			);
			dependencies = (
				B730EF061D6FAB6C001FBCD8 /* PBXTargetDependency */,
			);
			name = "ejercicio-url-schemeUITests";
			productName = "ejercicio-url-schemeUITests";
			productReference = B730EF041D6FAB6C001FBCD8 /* ejercicio-url-schemeUITests.xctest */;
			productType = "com.apple.product-type.bundle.ui-testing";
		};
/* End PBXNativeTarget section */

/* Begin PBXProject section */
		B730EEDD1D6FAB6C001FBCD8 /* Project object */ = {
			isa = PBXProject;
			attributes = {
				LastSwiftUpdateCheck = 0730;
				LastUpgradeCheck = 0730;
				ORGANIZATIONNAME = "Edgar Aparicio Baeza";
				TargetAttributes = {
					B730EEE41D6FAB6C001FBCD8 = {
						CreatedOnToolsVersion = 7.3.1;
					};
					B730EEF81D6FAB6C001FBCD8 = {
						CreatedOnToolsVersion = 7.3.1;
						TestTargetID = B730EEE41D6FAB6C001FBCD8;
					};
					B730EF031D6FAB6C001FBCD8 = {
						CreatedOnToolsVersion = 7.3.1;
						TestTargetID = B730EEE41D6FAB6C001FBCD8;
					};
				};
			};
			buildConfigurationList = B730EEE01D6FAB6C001FBCD8 /* Build configuration list for PBXProject "ejercicio-url-scheme" */;
			compatibilityVersion = "Xcode 3.2";
			developmentRegion = English;
			hasScannedForEncodings = 0;
			knownRegions = (
				en,
				Base,
			);
			mainGroup = B730EEDC1D6FAB6C001FBCD8;
			productRefGroup = B730EEE61D6FAB6C001FBCD8 /* Products */;
			projectDirPath = "";
			projectRoot = "";
			targets = (
				B730EEE41D6FAB6C001FBCD8 /* ejercicio-url-scheme */,
				B730EEF81D6FAB6C001FBCD8 /* ejercicio-url-schemeTests */,
				B730EF031D6FAB6C001FBCD8 /* ejercicio-url-schemeUITests */,
			);
		};
/* End PBXProject section */

/* Begin PBXResourcesBuildPhase section */
		B730EEE31D6FAB6C001FBCD8 /* Resources */ = {
			isa = PBXResourcesBuildPhase;
			buildActionMask = 2147483647;
			files = (
				B730EEF31D6FAB6C001FBCD8 /* LaunchScreen.storyboard in Resources */,
				B730EF171D6FAF4E001FBCD8 /* web in Resources */,
				B730EEF01D6FAB6C001FBCD8 /* Assets.xcassets in Resources */,
				B730EEEE1D6FAB6C001FBCD8 /* Main.storyboard in Resources */,
			);
			runOnlyForDeploymentPostprocessing = 0;
		};
		B730EEF71D6FAB6C001FBCD8 /* Resources */ = {
			isa = PBXResourcesBuildPhase;
			buildActionMask = 2147483647;
			files = (
			);
			runOnlyForDeploymentPostprocessing = 0;
		};
		B730EF021D6FAB6C001FBCD8 /* Resources */ = {
			isa = PBXResourcesBuildPhase;
			buildActionMask = 2147483647;
			files = (
			);
			runOnlyForDeploymentPostprocessing = 0;
		};
/* End PBXResourcesBuildPhase section */

/* Begin PBXSourcesBuildPhase section */
		B730EEE11D6FAB6C001FBCD8 /* Sources */ = {
			isa = PBXSourcesBuildPhase;
			buildActionMask = 2147483647;
			files = (
				B730EEEB1D6FAB6C001FBCD8 /* ViewController.swift in Sources */,
				B730EEE91D6FAB6C001FBCD8 /* AppDelegate.swift in Sources */,
			);
			runOnlyForDeploymentPostprocessing = 0;
		};
		B730EEF51D6FAB6C001FBCD8 /* Sources */ = {
			isa = PBXSourcesBuildPhase;
			buildActionMask = 2147483647;
			files = (
				B730EEFE1D6FAB6C001FBCD8 /* ejercicio_url_schemeTests.swift in Sources */,
			);
			runOnlyForDeploymentPostprocessing = 0;
		};
		B730EF001D6FAB6C001FBCD8 /* Sources */ = {
			isa = PBXSourcesBuildPhase;
			buildActionMask = 2147483647;
			files = (
				B730EF091D6FAB6C001FBCD8 /* ejercicio_url_schemeUITests.swift in Sources */,
			);
			runOnlyForDeploymentPostprocessing = 0;
		};
/* End PBXSourcesBuildPhase section */

/* Begin PBXTargetDependency section */
		B730EEFB1D6FAB6C001FBCD8 /* PBXTargetDependency */ = {
			isa = PBXTargetDependency;
			target = B730EEE41D6FAB6C001FBCD8 /* ejercicio-url-scheme */;
			targetProxy = B730EEFA1D6FAB6C001FBCD8 /* PBXContainerItemProxy */;
		};
		B730EF061D6FAB6C001FBCD8 /* PBXTargetDependency */ = {
			isa = PBXTargetDependency;
			target = B730EEE41D6FAB6C001FBCD8 /* ejercicio-url-scheme */;
			targetProxy = B730EF051D6FAB6C001FBCD8 /* PBXContainerItemProxy */;
		};
/* End PBXTargetDependency section */

/* Begin PBXVariantGroup section */
		B730EEEC1D6FAB6C001FBCD8 /* Main.storyboard */ = {
			isa = PBXVariantGroup;
			children = (
				B730EEED1D6FAB6C001FBCD8 /* Base */,
			);
			name = Main.storyboard;
			sourceTree = "<group>";
		};
		B730EEF11D6FAB6C001FBCD8 /* LaunchScreen.storyboard */ = {
			isa = PBXVariantGroup;
			children = (
				B730EEF21D6FAB6C001FBCD8 /* Base */,
			);
			name = LaunchScreen.storyboard;
			sourceTree = "<group>";
		};
/* End PBXVariantGroup section */

/* Begin XCBuildConfiguration section */
		B730EF0B1D6FAB6C001FBCD8 /* Debug */ = {
			isa = XCBuildConfiguration;
			buildSettings = {
				ALWAYS_SEARCH_USER_PATHS = NO;
				CLANG_ANALYZER_NONNULL = YES;
				CLANG_CXX_LANGUAGE_STANDARD = "gnu++0x";
				CLANG_CXX_LIBRARY = "libc++";
				CLANG_ENABLE_MODULES = YES;
				CLANG_ENABLE_OBJC_ARC = YES;
				CLANG_WARN_BOOL_CONVERSION = YES;
				CLANG_WARN_CONSTANT_CONVERSION = YES;
				CLANG_WARN_DIRECT_OBJC_ISA_USAGE = YES_ERROR;
				CLANG_WARN_EMPTY_BODY = YES;
				CLANG_WARN_ENUM_CONVERSION = YES;
				CLANG_WARN_INT_CONVERSION = YES;
				CLANG_WARN_OBJC_ROOT_CLASS = YES_ERROR;
				CLANG_WARN_UNREACHABLE_CODE = YES;
				CLANG_WARN__DUPLICATE_METHOD_MATCH = YES;
				"CODE_SIGN_IDENTITY[sdk=iphoneos*]" = "iPhone Developer";
				COPY_PHASE_STRIP = NO;
				DEBUG_INFORMATION_FORMAT = dwarf;
				ENABLE_STRICT_OBJC_MSGSEND = YES;
				ENABLE_TESTABILITY = YES;
				GCC_C_LANGUAGE_STANDARD = gnu99;
				GCC_DYNAMIC_NO_PIC = NO;
				GCC_NO_COMMON_BLOCKS = YES;
				GCC_OPTIMIZATION_LEVEL = 0;
				GCC_PREPROCESSOR_DEFINITIONS = (
					"DEBUG=1",
					"$(inherited)",
				);
				GCC_WARN_64_TO_32_BIT_CONVERSION = YES;
				GCC_WARN_ABOUT_RETURN_TYPE = YES_ERROR;
				GCC_WARN_UNDECLARED_SELECTOR = YES;
				GCC_WARN_UNINITIALIZED_AUTOS = YES_AGGRESSIVE;
				GCC_WARN_UNUSED_FUNCTION = YES;
				GCC_WARN_UNUSED_VARIABLE = YES;
				IPHONEOS_DEPLOYMENT_TARGET = 9.3;
				MTL_ENABLE_DEBUG_INFO = YES;
				ONLY_ACTIVE_ARCH = YES;
				SDKROOT = iphoneos;
				SWIFT_OPTIMIZATION_LEVEL = "-Onone";
				TARGETED_DEVICE_FAMILY = "1,2";
			};
			name = Debug;
		};
		B730EF0C1D6FAB6C001FBCD8 /* Release */ = {
			isa = XCBuildConfiguration;
			buildSettings = {
				ALWAYS_SEARCH_USER_PATHS = NO;
				CLANG_ANALYZER_NONNULL = YES;
				CLANG_CXX_LANGUAGE_STANDARD = "gnu++0x";
				CLANG_CXX_LIBRARY = "libc++";
				CLANG_ENABLE_MODULES = YES;
				CLANG_ENABLE_OBJC_ARC = YES;
				CLANG_WARN_BOOL_CONVERSION = YES;
				CLANG_WARN_CONSTANT_CONVERSION = YES;
				CLANG_WARN_DIRECT_OBJC_ISA_USAGE = YES_ERROR;
				CLANG_WARN_EMPTY_BODY = YES;
				CLANG_WARN_ENUM_CONVERSION = YES;
				CLANG_WARN_INT_CONVERSION = YES;
				CLANG_WARN_OBJC_ROOT_CLASS = YES_ERROR;
				CLANG_WARN_UNREACHABLE_CODE = YES;
				CLANG_WARN__DUPLICATE_METHOD_MATCH = YES;
				"CODE_SIGN_IDENTITY[sdk=iphoneos*]" = "iPhone Developer";
				COPY_PHASE_STRIP = NO;
				DEBUG_INFORMATION_FORMAT = "dwarf-with-dsym";
				ENABLE_NS_ASSERTIONS = NO;
				ENABLE_STRICT_OBJC_MSGSEND = YES;
				GCC_C_LANGUAGE_STANDARD = gnu99;
				GCC_NO_COMMON_BLOCKS = YES;
				GCC_WARN_64_TO_32_BIT_CONVERSION = YES;
				GCC_WARN_ABOUT_RETURN_TYPE = YES_ERROR;
				GCC_WARN_UNDECLARED_SELECTOR = YES;
				GCC_WARN_UNINITIALIZED_AUTOS = YES_AGGRESSIVE;
				GCC_WARN_UNUSED_FUNCTION = YES;
				GCC_WARN_UNUSED_VARIABLE = YES;
				IPHONEOS_DEPLOYMENT_TARGET = 9.3;
				MTL_ENABLE_DEBUG_INFO = NO;
				SDKROOT = iphoneos;
				TARGETED_DEVICE_FAMILY = "1,2";
				VALIDATE_PRODUCT = YES;
			};
			name = Release;
		};
		B730EF0E1D6FAB6C001FBCD8 /* Debug */ = {
			isa = XCBuildConfiguration;
			buildSettings = {
				ASSETCATALOG_COMPILER_APPICON_NAME = AppIcon;
				INFOPLIST_FILE = "ejercicio-url-scheme/Info.plist";
				LD_RUNPATH_SEARCH_PATHS = "$(inherited) @executable_path/Frameworks";
				PRODUCT_BUNDLE_IDENTIFIER = "Habitat-Web.ejercicio-url-scheme";
				PRODUCT_NAME = "$(TARGET_NAME)";
			};
			name = Debug;
		};
		B730EF0F1D6FAB6C001FBCD8 /* Release */ = {
			isa = XCBuildConfiguration;
			buildSettings = {
				ASSETCATALOG_COMPILER_APPICON_NAME = AppIcon;
				INFOPLIST_FILE = "ejercicio-url-scheme/Info.plist";
				LD_RUNPATH_SEARCH_PATHS = "$(inherited) @executable_path/Frameworks";
				PRODUCT_BUNDLE_IDENTIFIER = "Habitat-Web.ejercicio-url-scheme";
				PRODUCT_NAME = "$(TARGET_NAME)";
			};
			name = Release;
		};
		B730EF111D6FAB6C001FBCD8 /* Debug */ = {
			isa = XCBuildConfiguration;
			buildSettings = {
				BUNDLE_LOADER = "$(TEST_HOST)";
				INFOPLIST_FILE = "ejercicio-url-schemeTests/Info.plist";
				LD_RUNPATH_SEARCH_PATHS = "$(inherited) @executable_path/Frameworks @loader_path/Frameworks";
				PRODUCT_BUNDLE_IDENTIFIER = "Habitat-Web.ejercicio-url-schemeTests";
				PRODUCT_NAME = "$(TARGET_NAME)";
				TEST_HOST = "$(BUILT_PRODUCTS_DIR)/ejercicio-url-scheme.app/ejercicio-url-scheme";
			};
			name = Debug;
		};
		B730EF121D6FAB6C001FBCD8 /* Release */ = {
			isa = XCBuildConfiguration;
			buildSettings = {
				BUNDLE_LOADER = "$(TEST_HOST)";
				INFOPLIST_FILE = "ejercicio-url-schemeTests/Info.plist";
				LD_RUNPATH_SEARCH_PATHS = "$(inherited) @executable_path/Frameworks @loader_path/Frameworks";
				PRODUCT_BUNDLE_IDENTIFIER = "Habitat-Web.ejercicio-url-schemeTests";
				PRODUCT_NAME = "$(TARGET_NAME)";
				TEST_HOST = "$(BUILT_PRODUCTS_DIR)/ejercicio-url-scheme.app/ejercicio-url-scheme";
			};
			name = Release;
		};
		B730EF141D6FAB6C001FBCD8 /* Debug */ = {
			isa = XCBuildConfiguration;
			buildSettings = {
				INFOPLIST_FILE = "ejercicio-url-schemeUITests/Info.plist";
				LD_RUNPATH_SEARCH_PATHS = "$(inherited) @executable_path/Frameworks @loader_path/Frameworks";
				PRODUCT_BUNDLE_IDENTIFIER = "Habitat-Web.ejercicio-url-schemeUITests";
				PRODUCT_NAME = "$(TARGET_NAME)";
				TEST_TARGET_NAME = "ejercicio-url-scheme";
			};
			name = Debug;
		};
		B730EF151D6FAB6C001FBCD8 /* Release */ = {
			isa = XCBuildConfiguration;
			buildSettings = {
				INFOPLIST_FILE = "ejercicio-url-schemeUITests/Info.plist";
				LD_RUNPATH_SEARCH_PATHS = "$(inherited) @executable_path/Frameworks @loader_path/Frameworks";
				PRODUCT_BUNDLE_IDENTIFIER = "Habitat-Web.ejercicio-url-schemeUITests";
				PRODUCT_NAME = "$(TARGET_NAME)";
				TEST_TARGET_NAME = "ejercicio-url-scheme";
			};
			name = Release;
		};
/* End XCBuildConfiguration section */

/* Begin XCConfigurationList section */
		B730EEE01D6FAB6C001FBCD8 /* Build configuration list for PBXProject "ejercicio-url-scheme" */ = {
			isa = XCConfigurationList;
			buildConfigurations = (
				B730EF0B1D6FAB6C001FBCD8 /* Debug */,
				B730EF0C1D6FAB6C001FBCD8 /* Release */,
			);
			defaultConfigurationIsVisible = 0;
			defaultConfigurationName = Release;
		};
		B730EF0D1D6FAB6C001FBCD8 /* Build configuration list for PBXNativeTarget "ejercicio-url-scheme" */ = {
			isa = XCConfigurationList;
			buildConfigurations = (
				B730EF0E1D6FAB6C001FBCD8 /* Debug */,
				B730EF0F1D6FAB6C001FBCD8 /* Release */,
			);
			defaultConfigurationIsVisible = 0;
		};
		B730EF101D6FAB6C001FBCD8 /* Build configuration list for PBXNativeTarget "ejercicio-url-schemeTests" */ = {
			isa = XCConfigurationList;
			buildConfigurations = (
				B730EF111D6FAB6C001FBCD8 /* Debug */,
				B730EF121D6FAB6C001FBCD8 /* Release */,
			);
			defaultConfigurationIsVisible = 0;
		};
		B730EF131D6FAB6C001FBCD8 /* Build configuration list for PBXNativeTarget "ejercicio-url-schemeUITests" */ = {
			isa = XCConfigurationList;
			buildConfigurations = (
				B730EF141D6FAB6C001FBCD8 /* Debug */,
				B730EF151D6FAB6C001FBCD8 /* Release */,
			);
			defaultConfigurationIsVisible = 0;
		};
/* End XCConfigurationList section */
	};
	rootObject = B730EEDD1D6FAB6C001FBCD8 /* Project object */;
}
